// !$*UTF8*$!
{
	archiveVersion = 1;
	classes = {
	};
	objectVersion = 46;
	objects = {

/* Begin PBXBuildFile section */
		960DBBA61DDABC9600968763 /* main.m in Sources */ = {isa = PBXBuildFile; fileRef = 960DBBA51DDABC9600968763 /* main.m */; };
		960DBBA91DDABC9600968763 /* AppDelegate.m in Sources */ = {isa = PBXBuildFile; fileRef = 960DBBA81DDABC9600968763 /* AppDelegate.m */; };
		960DBBAC1DDABC9600968763 /* ViewController.m in Sources */ = {isa = PBXBuildFile; fileRef = 960DBBAB1DDABC9600968763 /* ViewController.m */; };
		960DBBAF1DDABC9600968763 /* Main.storyboard in Resources */ = {isa = PBXBuildFile; fileRef = 960DBBAD1DDABC9600968763 /* Main.storyboard */; };
		960DBBB21DDABC9600968763 /* LianXi.xcdatamodeld in Sources */ = {isa = PBXBuildFile; fileRef = 960DBBB01DDABC9600968763 /* LianXi.xcdatamodeld */; };
		960DBBB41DDABC9600968763 /* Assets.xcassets in Resources */ = {isa = PBXBuildFile; fileRef = 960DBBB31DDABC9600968763 /* Assets.xcassets */; };
		960DBBB71DDABC9600968763 /* LaunchScreen.storyboard in Resources */ = {isa = PBXBuildFile; fileRef = 960DBBB51DDABC9600968763 /* LaunchScreen.storyboard */; };
		960DBBC21DDABC9600968763 /* LianXiTests.m in Sources */ = {isa = PBXBuildFile; fileRef = 960DBBC11DDABC9600968763 /* LianXiTests.m */; };
		960DBBCD1DDABC9600968763 /* LianXiUITests.m in Sources */ = {isa = PBXBuildFile; fileRef = 960DBBCC1DDABC9600968763 /* LianXiUITests.m */; };
		960DBBDC1DDABF2400968763 /* UIKit.framework in Frameworks */ = {isa = PBXBuildFile; fileRef = 960DBBDB1DDABF2400968763 /* UIKit.framework */; };
		960DBBDF1DDCD80100968763 /* ContainerViewController.m in Sources */ = {isa = PBXBuildFile; fileRef = 960DBBDE1DDCD80100968763 /* ContainerViewController.m */; };
		960DBBE21DDCD89C00968763 /* MenuViewController.m in Sources */ = {isa = PBXBuildFile; fileRef = 960DBBE11DDCD89C00968763 /* MenuViewController.m */; };
		960DBBE51DDCDB6000968763 /* FirstViewController.m in Sources */ = {isa = PBXBuildFile; fileRef = 960DBBE41DDCDB6000968763 /* FirstViewController.m */; };
		960DBBE81DDCDB6700968763 /* SecondViewController.m in Sources */ = {isa = PBXBuildFile; fileRef = 960DBBE71DDCDB6700968763 /* SecondViewController.m */; };
		960DBBEB1DDE0F2F00968763 /* MainNavController.m in Sources */ = {isa = PBXBuildFile; fileRef = 960DBBEA1DDE0F2F00968763 /* MainNavController.m */; };
		960DBBEE1DDE11F800968763 /* MainTabBarController.m in Sources */ = {isa = PBXBuildFile; fileRef = 960DBBED1DDE11F800968763 /* MainTabBarController.m */; };
/* End PBXBuildFile section */

/* Begin PBXContainerItemProxy section */
		960DBBBE1DDABC9600968763 /* PBXContainerItemProxy */ = {
			isa = PBXContainerItemProxy;
			containerPortal = 960DBB991DDABC9600968763 /* Project object */;
			proxyType = 1;
			remoteGlobalIDString = 960DBBA01DDABC9600968763;
			remoteInfo = LianXi;
		};
		960DBBC91DDABC9600968763 /* PBXContainerItemProxy */ = {
			isa = PBXContainerItemProxy;
			containerPortal = 960DBB991DDABC9600968763 /* Project object */;
			proxyType = 1;
			remoteGlobalIDString = 960DBBA01DDABC9600968763;
			remoteInfo = LianXi;
		};
/* End PBXContainerItemProxy section */

/* Begin PBXFileReference section */
		960DBBA11DDABC9600968763 /* LianXi.app */ = {isa = PBXFileReference; explicitFileType = wrapper.application; includeInIndex = 0; path = LianXi.app; sourceTree = BUILT_PRODUCTS_DIR; };
		960DBBA51DDABC9600968763 /* main.m */ = {isa = PBXFileReference; lastKnownFileType = sourcecode.c.objc; path = main.m; sourceTree = "<group>"; };
		960DBBA71DDABC9600968763 /* AppDelegate.h */ = {isa = PBXFileReference; lastKnownFileType = sourcecode.c.h; path = AppDelegate.h; sourceTree = "<group>"; };
		960DBBA81DDABC9600968763 /* AppDelegate.m */ = {isa = PBXFileReference; lastKnownFileType = sourcecode.c.objc; path = AppDelegate.m; sourceTree = "<group>"; };
		960DBBAA1DDABC9600968763 /* ViewController.h */ = {isa = PBXFileReference; lastKnownFileType = sourcecode.c.h; path = ViewController.h; sourceTree = "<group>"; };
		960DBBAB1DDABC9600968763 /* ViewController.m */ = {isa = PBXFileReference; lastKnownFileType = sourcecode.c.objc; path = ViewController.m; sourceTree = "<group>"; };
		960DBBAE1DDABC9600968763 /* Base */ = {isa = PBXFileReference; lastKnownFileType = file.storyboard; name = Base; path = Base.lproj/Main.storyboard; sourceTree = "<group>"; };
		960DBBB11DDABC9600968763 /* LianXi.xcdatamodel */ = {isa = PBXFileReference; lastKnownFileType = wrapper.xcdatamodel; path = LianXi.xcdatamodel; sourceTree = "<group>"; };
		960DBBB31DDABC9600968763 /* Assets.xcassets */ = {isa = PBXFileReference; lastKnownFileType = folder.assetcatalog; path = Assets.xcassets; sourceTree = "<group>"; };
		960DBBB61DDABC9600968763 /* Base */ = {isa = PBXFileReference; lastKnownFileType = file.storyboard; name = Base; path = Base.lproj/LaunchScreen.storyboard; sourceTree = "<group>"; };
		960DBBB81DDABC9600968763 /* Info.plist */ = {isa = PBXFileReference; lastKnownFileType = text.plist.xml; path = Info.plist; sourceTree = "<group>"; };
		960DBBBD1DDABC9600968763 /* LianXiTests.xctest */ = {isa = PBXFileReference; explicitFileType = wrapper.cfbundle; includeInIndex = 0; path = LianXiTests.xctest; sourceTree = BUILT_PRODUCTS_DIR; };
		960DBBC11DDABC9600968763 /* LianXiTests.m */ = {isa = PBXFileReference; lastKnownFileType = sourcecode.c.objc; path = LianXiTests.m; sourceTree = "<group>"; };
		960DBBC31DDABC9600968763 /* Info.plist */ = {isa = PBXFileReference; lastKnownFileType = text.plist.xml; path = Info.plist; sourceTree = "<group>"; };
		960DBBC81DDABC9600968763 /* LianXiUITests.xctest */ = {isa = PBXFileReference; explicitFileType = wrapper.cfbundle; includeInIndex = 0; path = LianXiUITests.xctest; sourceTree = BUILT_PRODUCTS_DIR; };
		960DBBCC1DDABC9600968763 /* LianXiUITests.m */ = {isa = PBXFileReference; lastKnownFileType = sourcecode.c.objc; path = LianXiUITests.m; sourceTree = "<group>"; };
		960DBBCE1DDABC9600968763 /* Info.plist */ = {isa = PBXFileReference; lastKnownFileType = text.plist.xml; path = Info.plist; sourceTree = "<group>"; };
		960DBBDB1DDABF2400968763 /* UIKit.framework */ = {isa = PBXFileReference; lastKnownFileType = wrapper.framework; name = UIKit.framework; path = System/Library/Frameworks/UIKit.framework; sourceTree = SDKROOT; };
		960DBBDD1DDCD80100968763 /* ContainerViewController.h */ = {isa = PBXFileReference; fileEncoding = 4; lastKnownFileType = sourcecode.c.h; path = ContainerViewController.h; sourceTree = "<group>"; };
		960DBBDE1DDCD80100968763 /* ContainerViewController.m */ = {isa = PBXFileReference; fileEncoding = 4; lastKnownFileType = sourcecode.c.objc; path = ContainerViewController.m; sourceTree = "<group>"; };
		960DBBE01DDCD89C00968763 /* MenuViewController.h */ = {isa = PBXFileReference; fileEncoding = 4; lastKnownFileType = sourcecode.c.h; path = MenuViewController.h; sourceTree = "<group>"; };
		960DBBE11DDCD89C00968763 /* MenuViewController.m */ = {isa = PBXFileReference; fileEncoding = 4; lastKnownFileType = sourcecode.c.objc; path = MenuViewController.m; sourceTree = "<group>"; };
		960DBBE31DDCDB6000968763 /* FirstViewController.h */ = {isa = PBXFileReference; fileEncoding = 4; lastKnownFileType = sourcecode.c.h; path = FirstViewController.h; sourceTree = "<group>"; };
		960DBBE41DDCDB6000968763 /* FirstViewController.m */ = {isa = PBXFileReference; fileEncoding = 4; lastKnownFileType = sourcecode.c.objc; path = FirstViewController.m; sourceTree = "<group>"; };
		960DBBE61DDCDB6700968763 /* SecondViewController.h */ = {isa = PBXFileReference; fileEncoding = 4; lastKnownFileType = sourcecode.c.h; path = SecondViewController.h; sourceTree = "<group>"; };
		960DBBE71DDCDB6700968763 /* SecondViewController.m */ = {isa = PBXFileReference; fileEncoding = 4; lastKnownFileType = sourcecode.c.objc; path = SecondViewController.m; sourceTree = "<group>"; };
		960DBBE91DDE0F2F00968763 /* MainNavController.h */ = {isa = PBXFileReference; fileEncoding = 4; lastKnownFileType = sourcecode.c.h; path = MainNavController.h; sourceTree = "<group>"; };
		960DBBEA1DDE0F2F00968763 /* MainNavController.m */ = {isa = PBXFileReference; fileEncoding = 4; lastKnownFileType = sourcecode.c.objc; path = MainNavController.m; sourceTree = "<group>"; };
		960DBBEC1DDE11F800968763 /* MainTabBarController.h */ = {isa = PBXFileReference; fileEncoding = 4; lastKnownFileType = sourcecode.c.h; path = MainTabBarController.h; sourceTree = "<group>"; };
		960DBBED1DDE11F800968763 /* MainTabBarController.m */ = {isa = PBXFileReference; fileEncoding = 4; lastKnownFileType = sourcecode.c.objc; path = MainTabBarController.m; sourceTree = "<group>"; };
/* End PBXFileReference section */

/* Begin PBXFrameworksBuildPhase section */
		960DBB9E1DDABC9600968763 /* Frameworks */ = {
			isa = PBXFrameworksBuildPhase;
			buildActionMask = 2147483647;
			files = (
				960DBBDC1DDABF2400968763 /* UIKit.framework in Frameworks */,
			);
			runOnlyForDeploymentPostprocessing = 0;
		};
		960DBBBA1DDABC9600968763 /* Frameworks */ = {
			isa = PBXFrameworksBuildPhase;
			buildActionMask = 2147483647;
			files = (
			);
			runOnlyForDeploymentPostprocessing = 0;
		};
		960DBBC51DDABC9600968763 /* Frameworks */ = {
			isa = PBXFrameworksBuildPhase;
			buildActionMask = 2147483647;
			files = (
			);
			runOnlyForDeploymentPostprocessing = 0;
		};
/* End PBXFrameworksBuildPhase section */

/* Begin PBXGroup section */
		960DBB981DDABC9600968763 = {
			isa = PBXGroup;
			children = (
				960DBBA31DDABC9600968763 /* LianXi */,
				960DBBC01DDABC9600968763 /* LianXiTests */,
				960DBBCB1DDABC9600968763 /* LianXiUITests */,
				960DBBA21DDABC9600968763 /* Products */,
				960DBBDA1DDABF2400968763 /* Frameworks */,
			);
			sourceTree = "<group>";
		};
		960DBBA21DDABC9600968763 /* Products */ = {
			isa = PBXGroup;
			children = (
				960DBBA11DDABC9600968763 /* LianXi.app */,
				960DBBBD1DDABC9600968763 /* LianXiTests.xctest */,
				960DBBC81DDABC9600968763 /* LianXiUITests.xctest */,
			);
			name = Products;
			sourceTree = "<group>";
		};
		960DBBA31DDABC9600968763 /* LianXi */ = {
			isa = PBXGroup;
			children = (
				960DBBA71DDABC9600968763 /* AppDelegate.h */,
				960DBBA81DDABC9600968763 /* AppDelegate.m */,
				960DBBAA1DDABC9600968763 /* ViewController.h */,
				960DBBAB1DDABC9600968763 /* ViewController.m */,
				960DBBDD1DDCD80100968763 /* ContainerViewController.h */,
				960DBBDE1DDCD80100968763 /* ContainerViewController.m */,
				960DBBE01DDCD89C00968763 /* MenuViewController.h */,
				960DBBE11DDCD89C00968763 /* MenuViewController.m */,
				960DBBE31DDCDB6000968763 /* FirstViewController.h */,
				960DBBE41DDCDB6000968763 /* FirstViewController.m */,
				960DBBE61DDCDB6700968763 /* SecondViewController.h */,
				960DBBE71DDCDB6700968763 /* SecondViewController.m */,
				960DBBE91DDE0F2F00968763 /* MainNavController.h */,
				960DBBEA1DDE0F2F00968763 /* MainNavController.m */,
				960DBBEC1DDE11F800968763 /* MainTabBarController.h */,
				960DBBED1DDE11F800968763 /* MainTabBarController.m */,
				960DBBAD1DDABC9600968763 /* Main.storyboard */,
				960DBBB31DDABC9600968763 /* Assets.xcassets */,
				960DBBB51DDABC9600968763 /* LaunchScreen.storyboard */,
				960DBBB81DDABC9600968763 /* Info.plist */,
				960DBBB01DDABC9600968763 /* LianXi.xcdatamodeld */,
				960DBBA41DDABC9600968763 /* Supporting Files */,
			);
			path = LianXi;
			sourceTree = "<group>";
		};
		960DBBA41DDABC9600968763 /* Supporting Files */ = {
			isa = PBXGroup;
			children = (
				960DBBA51DDABC9600968763 /* main.m */,
			);
			name = "Supporting Files";
			sourceTree = "<group>";
		};
		960DBBC01DDABC9600968763 /* LianXiTests */ = {
			isa = PBXGroup;
			children = (
				960DBBC11DDABC9600968763 /* LianXiTests.m */,
				960DBBC31DDABC9600968763 /* Info.plist */,
			);
			path = LianXiTests;
			sourceTree = "<group>";
		};
		960DBBCB1DDABC9600968763 /* LianXiUITests */ = {
			isa = PBXGroup;
			children = (
				960DBBCC1DDABC9600968763 /* LianXiUITests.m */,
				960DBBCE1DDABC9600968763 /* Info.plist */,
			);
			path = LianXiUITests;
			sourceTree = "<group>";
		};
		960DBBDA1DDABF2400968763 /* Frameworks */ = {
			isa = PBXGroup;
			children = (
				960DBBDB1DDABF2400968763 /* UIKit.framework */,
			);
			name = Frameworks;
			sourceTree = "<group>";
		};
/* End PBXGroup section */

/* Begin PBXNativeTarget section */
		960DBBA01DDABC9600968763 /* LianXi */ = {
			isa = PBXNativeTarget;
			buildConfigurationList = 960DBBD11DDABC9600968763 /* Build configuration list for PBXNativeTarget "LianXi" */;
			buildPhases = (
				960DBB9D1DDABC9600968763 /* Sources */,
				960DBB9E1DDABC9600968763 /* Frameworks */,
				960DBB9F1DDABC9600968763 /* Resources */,
			);
			buildRules = (
			);
			dependencies = (
			);
			name = LianXi;
			productName = LianXi;
			productReference = 960DBBA11DDABC9600968763 /* LianXi.app */;
			productType = "com.apple.product-type.application";
		};
		960DBBBC1DDABC9600968763 /* LianXiTests */ = {
			isa = PBXNativeTarget;
			buildConfigurationList = 960DBBD41DDABC9600968763 /* Build configuration list for PBXNativeTarget "LianXiTests" */;
			buildPhases = (
				960DBBB91DDABC9600968763 /* Sources */,
				960DBBBA1DDABC9600968763 /* Frameworks */,
				960DBBBB1DDABC9600968763 /* Resources */,
			);
			buildRules = (
			);
			dependencies = (
				960DBBBF1DDABC9600968763 /* PBXTargetDependency */,
			);
			name = LianXiTests;
			productName = LianXiTests;
			productReference = 960DBBBD1DDABC9600968763 /* LianXiTests.xctest */;
			productType = "com.apple.product-type.bundle.unit-test";
		};
		960DBBC71DDABC9600968763 /* LianXiUITests */ = {
			isa = PBXNativeTarget;
			buildConfigurationList = 960DBBD71DDABC9600968763 /* Build configuration list for PBXNativeTarget "LianXiUITests" */;
			buildPhases = (
				960DBBC41DDABC9600968763 /* Sources */,
				960DBBC51DDABC9600968763 /* Frameworks */,
				960DBBC61DDABC9600968763 /* Resources */,
			);
			buildRules = (
			);
			dependencies = (
				960DBBCA1DDABC9600968763 /* PBXTargetDependency */,
			);
			name = LianXiUITests;
			productName = LianXiUITests;
			productReference = 960DBBC81DDABC9600968763 /* LianXiUITests.xctest */;
			productType = "com.apple.product-type.bundle.ui-testing";
		};
/* End PBXNativeTarget section */

/* Begin PBXProject section */
		960DBB991DDABC9600968763 /* Project object */ = {
			isa = PBXProject;
			attributes = {
				LastUpgradeCheck = 0810;
				ORGANIZATIONNAME = Jason;
				TargetAttributes = {
					960DBBA01DDABC9600968763 = {
						CreatedOnToolsVersion = 8.1;
						DevelopmentTeam = 7TH8TWFH9Z;
						ProvisioningStyle = Automatic;
					};
					960DBBBC1DDABC9600968763 = {
						CreatedOnToolsVersion = 8.1;
						DevelopmentTeam = 7TH8TWFH9Z;
						ProvisioningStyle = Automatic;
						TestTargetID = 960DBBA01DDABC9600968763;
					};
					960DBBC71DDABC9600968763 = {
						CreatedOnToolsVersion = 8.1;
						DevelopmentTeam = 7TH8TWFH9Z;
						ProvisioningStyle = Automatic;
						TestTargetID = 960DBBA01DDABC9600968763;
					};
				};
			};
			buildConfigurationList = 960DBB9C1DDABC9600968763 /* Build configuration list for PBXProject "LianXi" */;
			compatibilityVersion = "Xcode 3.2";
			developmentRegion = English;
			hasScannedForEncodings = 0;
			knownRegions = (
				en,
				Base,
			);
			mainGroup = 960DBB981DDABC9600968763;
			productRefGroup = 960DBBA21DDABC9600968763 /* Products */;
			projectDirPath = "";
			projectRoot = "";
			targets = (
				960DBBA01DDABC9600968763 /* LianXi */,
				960DBBBC1DDABC9600968763 /* LianXiTests */,
				960DBBC71DDABC9600968763 /* LianXiUITests */,
			);
		};
/* End PBXProject section */

/* Begin PBXResourcesBuildPhase section */
		960DBB9F1DDABC9600968763 /* Resources */ = {
			isa = PBXResourcesBuildPhase;
			buildActionMask = 2147483647;
			files = (
				960DBBB71DDABC9600968763 /* LaunchScreen.storyboard in Resources */,
				960DBBB41DDABC9600968763 /* Assets.xcassets in Resources */,
				960DBBAF1DDABC9600968763 /* Main.storyboard in Resources */,
			);
			runOnlyForDeploymentPostprocessing = 0;
		};
		960DBBBB1DDABC9600968763 /* Resources */ = {
			isa = PBXResourcesBuildPhase;
			buildActionMask = 2147483647;
			files = (
			);
			runOnlyForDeploymentPostprocessing = 0;
		};
		960DBBC61DDABC9600968763 /* Resources */ = {
			isa = PBXResourcesBuildPhase;
			buildActionMask = 2147483647;
			files = (
			);
			runOnlyForDeploymentPostprocessing = 0;
		};
/* End PBXResourcesBuildPhase section */

/* Begin PBXSourcesBuildPhase section */
		960DBB9D1DDABC9600968763 /* Sources */ = {
			isa = PBXSourcesBuildPhase;
			buildActionMask = 2147483647;
			files = (
				960DBBB21DDABC9600968763 /* LianXi.xcdatamodeld in Sources */,
				960DBBE21DDCD89C00968763 /* MenuViewController.m in Sources */,
				960DBBE51DDCDB6000968763 /* FirstViewController.m in Sources */,
				960DBBAC1DDABC9600968763 /* ViewController.m in Sources */,
				960DBBEB1DDE0F2F00968763 /* MainNavController.m in Sources */,
				960DBBE81DDCDB6700968763 /* SecondViewController.m in Sources */,
				960DBBEE1DDE11F800968763 /* MainTabBarController.m in Sources */,
				960DBBA91DDABC9600968763 /* AppDelegate.m in Sources */,
				960DBBA61DDABC9600968763 /* main.m in Sources */,
				960DBBDF1DDCD80100968763 /* ContainerViewController.m in Sources */,
			);
			runOnlyForDeploymentPostprocessing = 0;
		};
		960DBBB91DDABC9600968763 /* Sources */ = {
			isa = PBXSourcesBuildPhase;
			buildActionMask = 2147483647;
			files = (
				960DBBC21DDABC9600968763 /* LianXiTests.m in Sources */,
			);
			runOnlyForDeploymentPostprocessing = 0;
		};
		960DBBC41DDABC9600968763 /* Sources */ = {
			isa = PBXSourcesBuildPhase;
			buildActionMask = 2147483647;
			files = (
				960DBBCD1DDABC9600968763 /* LianXiUITests.m in Sources */,
			);
			runOnlyForDeploymentPostprocessing = 0;
		};
/* End PBXSourcesBuildPhase section */

/* Begin PBXTargetDependency section */
		960DBBBF1DDABC9600968763 /* PBXTargetDependency */ = {
			isa = PBXTargetDependency;
			target = 960DBBA01DDABC9600968763 /* LianXi */;
			targetProxy = 960DBBBE1DDABC9600968763 /* PBXContainerItemProxy */;
		};
		960DBBCA1DDABC9600968763 /* PBXTargetDependency */ = {
			isa = PBXTargetDependency;
			target = 960DBBA01DDABC9600968763 /* LianXi */;
			targetProxy = 960DBBC91DDABC9600968763 /* PBXContainerItemProxy */;
		};
/* End PBXTargetDependency section */

/* Begin PBXVariantGroup section */
		960DBBAD1DDABC9600968763 /* Main.storyboard */ = {
			isa = PBXVariantGroup;
			children = (
				960DBBAE1DDABC9600968763 /* Base */,
			);
			name = Main.storyboard;
			sourceTree = "<group>";
		};
		960DBBB51DDABC9600968763 /* LaunchScreen.storyboard */ = {
			isa = PBXVariantGroup;
			children = (
				960DBBB61DDABC9600968763 /* Base */,
			);
			name = LaunchScreen.storyboard;
			sourceTree = "<group>";
		};
/* End PBXVariantGroup section */

/* Begin XCBuildConfiguration section */
		960DBBCF1DDABC9600968763 /* Debug */ = {
			isa = XCBuildConfiguration;
			buildSettings = {
				ALWAYS_SEARCH_USER_PATHS = NO;
				CLANG_ANALYZER_NONNULL = YES;
				CLANG_CXX_LANGUAGE_STANDARD = "gnu++0x";
				CLANG_CXX_LIBRARY = "libc++";
				CLANG_ENABLE_MODULES = YES;
				CLANG_ENABLE_OBJC_ARC = YES;
				CLANG_WARN_BOOL_CONVERSION = YES;
				CLANG_WARN_CONSTANT_CONVERSION = YES;
				CLANG_WARN_DIRECT_OBJC_ISA_USAGE = YES_ERROR;
				CLANG_WARN_DOCUMENTATION_COMMENTS = YES;
				CLANG_WARN_EMPTY_BODY = YES;
				CLANG_WARN_ENUM_CONVERSION = YES;
				CLANG_WARN_INFINITE_RECURSION = YES;
				CLANG_WARN_INT_CONVERSION = YES;
				CLANG_WARN_OBJC_ROOT_CLASS = YES_ERROR;
				CLANG_WARN_SUSPICIOUS_MOVES = YES;
				CLANG_WARN_UNREACHABLE_CODE = YES;
				CLANG_WARN__DUPLICATE_METHOD_MATCH = YES;
				"CODE_SIGN_IDENTITY[sdk=iphoneos*]" = "iPhone Developer";
				COPY_PHASE_STRIP = NO;
				DEBUG_INFORMATION_FORMAT = dwarf;
				ENABLE_STRICT_OBJC_MSGSEND = YES;
				ENABLE_TESTABILITY = YES;
				GCC_C_LANGUAGE_STANDARD = gnu99;
				GCC_DYNAMIC_NO_PIC = NO;
				GCC_NO_COMMON_BLOCKS = YES;
				GCC_OPTIMIZATION_LEVEL = 0;
				GCC_PREPROCESSOR_DEFINITIONS = (
					"DEBUG=1",
					"$(inherited)",
				);
				GCC_WARN_64_TO_32_BIT_CONVERSION = YES;
				GCC_WARN_ABOUT_RETURN_TYPE = YES_ERROR;
				GCC_WARN_UNDECLARED_SELECTOR = YES;
				GCC_WARN_UNINITIALIZED_AUTOS = YES_AGGRESSIVE;
				GCC_WARN_UNUSED_FUNCTION = YES;
				GCC_WARN_UNUSED_VARIABLE = YES;
				IPHONEOS_DEPLOYMENT_TARGET = 10.1;
				MTL_ENABLE_DEBUG_INFO = YES;
				ONLY_ACTIVE_ARCH = YES;
				SDKROOT = iphoneos;
				TARGETED_DEVICE_FAMILY = "1,2";
			};
			name = Debug;
		};
		960DBBD01DDABC9600968763 /* Release */ = {
			isa = XCBuildConfiguration;
			buildSettings = {
				ALWAYS_SEARCH_USER_PATHS = NO;
				CLANG_ANALYZER_NONNULL = YES;
				CLANG_CXX_LANGUAGE_STANDARD = "gnu++0x";
				CLANG_CXX_LIBRARY = "libc++";
				CLANG_ENABLE_MODULES = YES;
				CLANG_ENABLE_OBJC_ARC = YES;
				CLANG_WARN_BOOL_CONVERSION = YES;
				CLANG_WARN_CONSTANT_CONVERSION = YES;
				CLANG_WARN_DIRECT_OBJC_ISA_USAGE = YES_ERROR;
				CLANG_WARN_DOCUMENTATION_COMMENTS = YES;
				CLANG_WARN_EMPTY_BODY = YES;
				CLANG_WARN_ENUM_CONVERSION = YES;
				CLANG_WARN_INFINITE_RECURSION = YES;
				CLANG_WARN_INT_CONVERSION = YES;
				CLANG_WARN_OBJC_ROOT_CLASS = YES_ERROR;
				CLANG_WARN_SUSPICIOUS_MOVES = YES;
				CLANG_WARN_UNREACHABLE_CODE = YES;
				CLANG_WARN__DUPLICATE_METHOD_MATCH = YES;
				"CODE_SIGN_IDENTITY[sdk=iphoneos*]" = "iPhone Developer";
				COPY_PHASE_STRIP = NO;
				DEBUG_INFORMATION_FORMAT = "dwarf-with-dsym";
				ENABLE_NS_ASSERTIONS = NO;
				ENABLE_STRICT_OBJC_MSGSEND = YES;
				GCC_C_LANGUAGE_STANDARD = gnu99;
				GCC_NO_COMMON_BLOCKS = YES;
				GCC_WARN_64_TO_32_BIT_CONVERSION = YES;
				GCC_WARN_ABOUT_RETURN_TYPE = YES_ERROR;
				GCC_WARN_UNDECLARED_SELECTOR = YES;
				GCC_WARN_UNINITIALIZED_AUTOS = YES_AGGRESSIVE;
				GCC_WARN_UNUSED_FUNCTION = YES;
				GCC_WARN_UNUSED_VARIABLE = YES;
				IPHONEOS_DEPLOYMENT_TARGET = 10.1;
				MTL_ENABLE_DEBUG_INFO = NO;
				SDKROOT = iphoneos;
				TARGETED_DEVICE_FAMILY = "1,2";
				VALIDATE_PRODUCT = YES;
			};
			name = Release;
		};
		960DBBD21DDABC9600968763 /* Debug */ = {
			isa = XCBuildConfiguration;
			buildSettings = {
				ASSETCATALOG_COMPILER_APPICON_NAME = AppIcon;
				DEVELOPMENT_TEAM = 7TH8TWFH9Z;
				INFOPLIST_FILE = LianXi/Info.plist;
				IPHONEOS_DEPLOYMENT_TARGET = 8.0;
				LD_RUNPATH_SEARCH_PATHS = "$(inherited) @executable_path/Frameworks";
				PRODUCT_BUNDLE_IDENTIFIER = cn.edoctor.ipad.distribution20title.LianXi;
				PRODUCT_NAME = "$(TARGET_NAME)";
			};
			name = Debug;
		};
		960DBBD31DDABC9600968763 /* Release */ = {
			isa = XCBuildConfiguration;
			buildSettings = {
				ASSETCATALOG_COMPILER_APPICON_NAME = AppIcon;
				DEVELOPMENT_TEAM = 7TH8TWFH9Z;
				INFOPLIST_FILE = LianXi/Info.plist;
				IPHONEOS_DEPLOYMENT_TARGET = 8.0;
				LD_RUNPATH_SEARCH_PATHS = "$(inherited) @executable_path/Frameworks";
				PRODUCT_BUNDLE_IDENTIFIER = cn.edoctor.ipad.distribution20title.LianXi;
				PRODUCT_NAME = "$(TARGET_NAME)";
			};
			name = Release;
		};
		960DBBD51DDABC9600968763 /* Debug */ = {
			isa = XCBuildConfiguration;
			buildSettings = {
				BUNDLE_LOADER = "$(TEST_HOST)";
				DEVELOPMENT_TEAM = 7TH8TWFH9Z;
				INFOPLIST_FILE = LianXiTests/Info.plist;
				LD_RUNPATH_SEARCH_PATHS = "$(inherited) @executable_path/Frameworks @loader_path/Frameworks";
				PRODUCT_BUNDLE_IDENTIFIER = cn.edoctor.ipad.distribution20title.LianXiTests;
				PRODUCT_NAME = "$(TARGET_NAME)";
				TEST_HOST = "$(BUILT_PRODUCTS_DIR)/LianXi.app/LianXi";
			};
			name = Debug;
		};
		960DBBD61DDABC9600968763 /* Release */ = {
			isa = XCBuildConfiguration;
			buildSettings = {
				BUNDLE_LOADER = "$(TEST_HOST)";
				DEVELOPMENT_TEAM = 7TH8TWFH9Z;
				INFOPLIST_FILE = LianXiTests/Info.plist;
				LD_RUNPATH_SEARCH_PATHS = "$(inherited) @executable_path/Frameworks @loader_path/Frameworks";
				PRODUCT_BUNDLE_IDENTIFIER = cn.edoctor.ipad.distribution20title.LianXiTests;
				PRODUCT_NAME = "$(TARGET_NAME)";
				TEST_HOST = "$(BUILT_PRODUCTS_DIR)/LianXi.app/LianXi";
			};
			name = Release;
		};
		960DBBD81DDABC9600968763 /* Debug */ = {
			isa = XCBuildConfiguration;
			buildSettings = {
				DEVELOPMENT_TEAM = 7TH8TWFH9Z;
				INFOPLIST_FILE = LianXiUITests/Info.plist;
				LD_RUNPATH_SEARCH_PATHS = "$(inherited) @executable_path/Frameworks @loader_path/Frameworks";
				PRODUCT_BUNDLE_IDENTIFIER = cn.edoctor.ipad.distribution20title.LianXiUITests;
				PRODUCT_NAME = "$(TARGET_NAME)";
				TEST_TARGET_NAME = LianXi;
			};
			name = Debug;
		};
		960DBBD91DDABC9600968763 /* Release */ = {
			isa = XCBuildConfiguration;
			buildSettings = {
				DEVELOPMENT_TEAM = 7TH8TWFH9Z;
				INFOPLIST_FILE = LianXiUITests/Info.plist;
				LD_RUNPATH_SEARCH_PATHS = "$(inherited) @executable_path/Frameworks @loader_path/Frameworks";
				PRODUCT_BUNDLE_IDENTIFIER = cn.edoctor.ipad.distribution20title.LianXiUITests;
				PRODUCT_NAME = "$(TARGET_NAME)";
				TEST_TARGET_NAME = LianXi;
			};
			name = Release;
		};
/* End XCBuildConfiguration section */

/* Begin XCConfigurationList section */
		960DBB9C1DDABC9600968763 /* Build configuration list for PBXProject "LianXi" */ = {
			isa = XCConfigurationList;
			buildConfigurations = (
				960DBBCF1DDABC9600968763 /* Debug */,
				960DBBD01DDABC9600968763 /* Release */,
			);
			defaultConfigurationIsVisible = 0;
			defaultConfigurationName = Release;
		};
		960DBBD11DDABC9600968763 /* Build configuration list for PBXNativeTarget "LianXi" */ = {
			isa = XCConfigurationList;
			buildConfigurations = (
				960DBBD21DDABC9600968763 /* Debug */,
				960DBBD31DDABC9600968763 /* Release */,
			);
			defaultConfigurationIsVisible = 0;
			defaultConfigurationName = Release;
		};
		960DBBD41DDABC9600968763 /* Build configuration list for PBXNativeTarget "LianXiTests" */ = {
			isa = XCConfigurationList;
			buildConfigurations = (
				960DBBD51DDABC9600968763 /* Debug */,
				960DBBD61DDABC9600968763 /* Release */,
			);
			defaultConfigurationIsVisible = 0;
			defaultConfigurationName = Release;
		};
		960DBBD71DDABC9600968763 /* Build configuration list for PBXNativeTarget "LianXiUITests" */ = {
			isa = XCConfigurationList;
			buildConfigurations = (
				960DBBD81DDABC9600968763 /* Debug */,
				960DBBD91DDABC9600968763 /* Release */,
			);
			defaultConfigurationIsVisible = 0;
			defaultConfigurationName = Release;
		};
/* End XCConfigurationList section */

/* Begin XCVersionGroup section */
		960DBBB01DDABC9600968763 /* LianXi.xcdatamodeld */ = {
			isa = XCVersionGroup;
			children = (
				960DBBB11DDABC9600968763 /* LianXi.xcdatamodel */,
			);
			currentVersion = 960DBBB11DDABC9600968763 /* LianXi.xcdatamodel */;
			path = LianXi.xcdatamodeld;
			sourceTree = "<group>";
			versionGroupType = wrapper.xcdatamodel;
		};
/* End XCVersionGroup section */
	};
	rootObject = 960DBB991DDABC9600968763 /* Project object */;
}
